# This file is automatically @generated by Cargo.
# It is not intended for manual editing.
version = 3

[[package]]
name = "anyhow"
version = "1.0.65"
source = "registry+https://github.com/rust-lang/crates.io-index"
checksum = "98161a4e3e2184da77bb14f02184cdd111e83bbbcc9979dfee3c44b9a85f5602"

[[package]]
name = "autocfg"
version = "1.1.0"
source = "registry+https://github.com/rust-lang/crates.io-index"
checksum = "d468802bab17cbc0cc575e9b053f41e72aa36bfa6b7f55e3529ffa43161b97fa"

[[package]]
name = "bitflags"
version = "1.3.2"
source = "registry+https://github.com/rust-lang/crates.io-index"
checksum = "bef38d45163c2f1dde094a7dfd33ccf595c92905c8f8f4fdc18d06fb1037718a"

[[package]]
name = "bumpalo"
version = "3.10.0"
source = "registry+https://github.com/rust-lang/crates.io-index"
checksum = "37ccbd214614c6783386c1af30caf03192f17891059cecc394b4fb119e363de3"

[[package]]
name = "cc"
version = "1.0.73"
source = "registry+https://github.com/rust-lang/crates.io-index"
checksum = "2fff2a6927b3bb87f9595d67196a70493f627687a71d87a0d692242c33f58c11"

[[package]]
name = "cfg-if"
version = "1.0.0"
source = "registry+https://github.com/rust-lang/crates.io-index"
checksum = "baf1de4339761588bc0619e3cbc0120ee582ebb74b53b4efbf79117bd2da40fd"

[[package]]
name = "chlorine"
version = "1.0.10"
source = "registry+https://github.com/rust-lang/crates.io-index"
checksum = "75476fe966a8af7c0ceae2a3e514afa87d4451741fcdfab8bfaa07ad301842ec"

[[package]]
name = "chrono"
version = "0.4.20"
source = "registry+https://github.com/rust-lang/crates.io-index"
checksum = "6127248204b9aba09a362f6c930ef6a78f2c1b2215f8a7b398c06e1083f17af0"
dependencies = [
 "js-sys",
 "num-integer",
 "num-traits",
 "time",
 "wasm-bindgen",
 "winapi",
]

[[package]]
name = "embed-resource"
version = "1.8.0"
source = "registry+https://github.com/rust-lang/crates.io-index"
checksum = "e62abb876c07e4754fae5c14cafa77937841f01740637e17d78dc04352f32a5e"
dependencies = [
 "cc",
 "rustc_version",
 "toml",
 "vswhom",
 "winreg",
]

[[package]]
name = "gl_generator"
version = "0.14.0"
source = "registry+https://github.com/rust-lang/crates.io-index"
checksum = "1a95dfc23a2b4a9a2f5ab41d194f8bfda3cabec42af4e39f08c339eb2a0c124d"
dependencies = [
 "khronos_api",
 "log",
 "xml-rs",
]

[[package]]
name = "hudhook"
version = "0.4.0"
dependencies = [
 "cc",
 "imgui",
 "imgui-opengl",
 "parking_lot 0.11.2",
 "tracing",
 "windows",
]

[[package]]
name = "imgui"
version = "0.11.0"
source = "registry+https://github.com/rust-lang/crates.io-index"
checksum = "122d677d0efcd64ca15f12907beaf46b26bbd2cdc855ee5b227f29cf50f75bb5"
dependencies = [
 "bitflags",
 "cfg-if",
 "imgui-sys",
 "mint",
 "parking_lot 0.12.1",
]

[[package]]
name = "imgui-opengl"
version = "0.1.0"
source = "registry+https://github.com/rust-lang/crates.io-index"
checksum = "f1728decb062688f5b410a0d876e09607c2ad0f61b2d7aa70ed568eaf58c52f8"
dependencies = [
 "gl_generator",
 "imgui",
]

[[package]]
name = "imgui-sys"
version = "0.11.0"
source = "registry+https://github.com/rust-lang/crates.io-index"
checksum = "d785272a57cb8058a53a1e6f376f48e2ec4f40fbc6a9bb197dabf7b6b59c03bf"
dependencies = [
 "cc",
 "cfg-if",
 "chlorine",
 "mint",
]

[[package]]
name = "instant"
version = "0.1.12"
source = "registry+https://github.com/rust-lang/crates.io-index"
checksum = "7a5bbe824c507c5da5956355e86a746d82e0e1464f65d862cc5e71da70e94b2c"
dependencies = [
 "cfg-if",
]

[[package]]
name = "js-sys"
version = "0.3.59"
source = "registry+https://github.com/rust-lang/crates.io-index"
checksum = "258451ab10b34f8af53416d1fdab72c22e805f0c92a1136d59470ec0b11138b2"
dependencies = [
 "wasm-bindgen",
]

[[package]]
name = "khronos_api"
version = "3.1.0"
source = "registry+https://github.com/rust-lang/crates.io-index"
checksum = "e2db585e1d738fc771bf08a151420d3ed193d9d895a36df7f6f8a9456b911ddc"

[[package]]
name = "lazy-re"
version = "0.1.1"
source = "registry+https://github.com/rust-lang/crates.io-index"
checksum = "8abbf124045c08efb5536e5ddaad99a4618ef78954e4b6590487f14c597ba32b"
dependencies = [
 "quote",
 "syn",
]

[[package]]
name = "libc"
version = "0.2.127"
source = "registry+https://github.com/rust-lang/crates.io-index"
checksum = "505e71a4706fa491e9b1b55f51b95d4037d0821ee40131190475f692b35b009b"

[[package]]
name = "litcher"
version = "0.3.7"
dependencies = [
 "anyhow",
 "embed-resource",
 "hudhook",
 "imgui",
 "lazy-re",
 "log",
 "memory-rs",
 "simple_injector",
 "simplelog",
 "termcolor",
 "windows-sys",
]

[[package]]
name = "lock_api"
version = "0.4.7"
source = "registry+https://github.com/rust-lang/crates.io-index"
checksum = "327fa5b6a6940e4699ec49a9beae1ea4845c6bab9314e4f84ac68742139d8c53"
dependencies = [
 "autocfg",
 "scopeguard",
]

[[package]]
name = "log"
version = "0.4.17"
source = "registry+https://github.com/rust-lang/crates.io-index"
checksum = "abb12e687cfb44aa40f41fc3978ef76448f9b6038cad6aef4259d3c095a2382e"
dependencies = [
 "cfg-if",
]

[[package]]
name = "memory-rs"
version = "0.2.5"
source = "registry+https://github.com/rust-lang/crates.io-index"
checksum = "753b87507bcdd9dd37f069ab767524337cd5e795dda2cdc701f23dcbc78cb9ab"
dependencies = [
 "anyhow",
 "windows-sys",
]

[[package]]
name = "mint"
version = "0.5.9"
source = "registry+https://github.com/rust-lang/crates.io-index"
checksum = "e53debba6bda7a793e5f99b8dacf19e626084f525f7829104ba9898f367d85ff"

[[package]]
name = "num-integer"
version = "0.1.45"
source = "registry+https://github.com/rust-lang/crates.io-index"
checksum = "225d3389fb3509a24c93f5c29eb6bde2586b98d9f016636dff58d7c6f7569cd9"
dependencies = [
 "autocfg",
 "num-traits",
]

[[package]]
name = "num-traits"
version = "0.2.15"
source = "registry+https://github.com/rust-lang/crates.io-index"
checksum = "578ede34cf02f8924ab9447f50c28075b4d3e5b269972345e7e0372b38c6cdcd"
dependencies = [
 "autocfg",
]

[[package]]
name = "once_cell"
version = "1.13.0"
source = "registry+https://github.com/rust-lang/crates.io-index"
checksum = "18a6dbe30758c9f83eb00cbea4ac95966305f5a7772f3f42ebfc7fc7eddbd8e1"

[[package]]
name = "parking_lot"
version = "0.11.2"
source = "registry+https://github.com/rust-lang/crates.io-index"
checksum = "7d17b78036a60663b797adeaee46f5c9dfebb86948d1255007a1d6be0271ff99"
dependencies = [
 "instant",
 "lock_api",
 "parking_lot_core 0.8.5",
]

[[package]]
name = "parking_lot"
version = "0.12.1"
source = "registry+https://github.com/rust-lang/crates.io-index"
checksum = "3742b2c103b9f06bc9fff0a37ff4912935851bee6d36f3c02bcc755bcfec228f"
dependencies = [
 "lock_api",
 "parking_lot_core 0.9.8",
]

[[package]]
name = "parking_lot_core"
version = "0.8.5"
source = "registry+https://github.com/rust-lang/crates.io-index"
checksum = "d76e8e1493bcac0d2766c42737f34458f1c8c50c0d23bcb24ea953affb273216"
dependencies = [
 "cfg-if",
 "instant",
 "libc",
 "redox_syscall 0.2.16",
 "smallvec",
 "winapi",
]

[[package]]
name = "parking_lot_core"
version = "0.9.8"
source = "registry+https://github.com/rust-lang/crates.io-index"
checksum = "93f00c865fe7cabf650081affecd3871070f26767e7b2070a3ffae14c654b447"
dependencies = [
 "cfg-if",
 "libc",
 "redox_syscall 0.3.5",
 "smallvec",
 "windows-targets",
]

[[package]]
name = "pin-project-lite"
version = "0.2.9"
source = "registry+https://github.com/rust-lang/crates.io-index"
checksum = "e0a7ae3ac2f1173085d398531c705756c94a4c56843785df85a60c1a0afac116"

[[package]]
name = "proc-macro2"
version = "1.0.43"
source = "registry+https://github.com/rust-lang/crates.io-index"
checksum = "0a2ca2c61bc9f3d74d2886294ab7b9853abd9c1ad903a3ac7815c58989bb7bab"
dependencies = [
 "unicode-ident",
]

[[package]]
name = "quote"
version = "1.0.21"
source = "registry+https://github.com/rust-lang/crates.io-index"
checksum = "bbe448f377a7d6961e30f5955f9b8d106c3f5e449d493ee1b125c1d43c2b5179"
dependencies = [
 "proc-macro2",
]

[[package]]
name = "redox_syscall"
version = "0.2.16"
source = "registry+https://github.com/rust-lang/crates.io-index"
checksum = "fb5a58c1855b4b6819d59012155603f0b22ad30cad752600aadfcb695265519a"
dependencies = [
 "bitflags",
]

[[package]]
name = "redox_syscall"
version = "0.3.5"
source = "registry+https://github.com/rust-lang/crates.io-index"
checksum = "567664f262709473930a4bf9e51bf2ebf3348f2e748ccc50dea20646858f8f29"
dependencies = [
 "bitflags",
]

[[package]]
name = "rustc_version"
version = "0.4.0"
source = "registry+https://github.com/rust-lang/crates.io-index"
checksum = "bfa0f585226d2e68097d4f95d113b15b83a82e819ab25717ec0590d9584ef366"
dependencies = [
 "semver",
]

[[package]]
name = "scopeguard"
version = "1.1.0"
source = "registry+https://github.com/rust-lang/crates.io-index"
checksum = "d29ab0c6d3fc0ee92fe66e2d99f700eab17a8d57d1c1d3b748380fb20baa78cd"

[[package]]
name = "semver"
version = "1.0.14"
source = "registry+https://github.com/rust-lang/crates.io-index"
checksum = "e25dfac463d778e353db5be2449d1cce89bd6fd23c9f1ea21310ce6e5a1b29c4"

[[package]]
name = "serde"
version = "1.0.151"
source = "registry+https://github.com/rust-lang/crates.io-index"
checksum = "97fed41fc1a24994d044e6db6935e69511a1153b52c15eb42493b26fa87feba0"

[[package]]
name = "simple_injector"
version = "0.1.2"
source = "git+https://github.com/etra0/simple_injector#c40be8e3bb2be6414f3af077a9da84f57ee707a2"
dependencies = [
 "memory-rs",
 "windows-sys",
]

[[package]]
name = "simplelog"
version = "0.8.0"
source = "registry+https://github.com/rust-lang/crates.io-index"
checksum = "2b2736f58087298a448859961d3f4a0850b832e72619d75adc69da7993c2cd3c"
dependencies = [
 "chrono",
 "log",
 "termcolor",
]

[[package]]
name = "smallvec"
version = "1.9.0"
source = "registry+https://github.com/rust-lang/crates.io-index"
checksum = "2fd0db749597d91ff862fd1d55ea87f7855a744a8425a64695b6fca237d1dad1"

[[package]]
name = "syn"
version = "1.0.99"
source = "registry+https://github.com/rust-lang/crates.io-index"
checksum = "58dbef6ec655055e20b86b15a8cc6d439cca19b667537ac6a1369572d151ab13"
dependencies = [
 "proc-macro2",
 "quote",
 "unicode-ident",
]

[[package]]
name = "termcolor"
version = "1.1.3"
source = "registry+https://github.com/rust-lang/crates.io-index"
checksum = "bab24d30b911b2376f3a13cc2cd443142f0c81dda04c118693e35b3835757755"
dependencies = [
 "winapi-util",
]

[[package]]
name = "time"
version = "0.1.44"
source = "registry+https://github.com/rust-lang/crates.io-index"
checksum = "6db9e6914ab8b1ae1c260a4ae7a49b6c5611b40328a735b21862567685e73255"
dependencies = [
 "libc",
 "wasi",
 "winapi",
]

[[package]]
name = "toml"
version = "0.5.10"
source = "registry+https://github.com/rust-lang/crates.io-index"
checksum = "1333c76748e868a4d9d1017b5ab53171dfd095f70c712fdb4653a406547f598f"
dependencies = [
 "serde",
]

[[package]]
name = "tracing"
version = "0.1.37"
source = "registry+https://github.com/rust-lang/crates.io-index"
checksum = "8ce8c33a8d48bd45d624a6e523445fd21ec13d3653cd51f681abf67418f54eb8"
dependencies = [
 "cfg-if",
 "log",
 "pin-project-lite",
 "tracing-attributes",
 "tracing-core",
]

[[package]]
name = "tracing-attributes"
version = "0.1.23"
source = "registry+https://github.com/rust-lang/crates.io-index"
checksum = "4017f8f45139870ca7e672686113917c71c7a6e02d4924eda67186083c03081a"
dependencies = [
 "proc-macro2",
 "quote",
 "syn",
]

[[package]]
name = "tracing-core"
version = "0.1.31"
source = "registry+https://github.com/rust-lang/crates.io-index"
checksum = "0955b8137a1df6f1a2e9a37d8a6656291ff0297c1a97c24e0d8425fe2312f79a"
dependencies = [
 "once_cell",
]

[[package]]
name = "unicode-ident"
version = "1.0.3"
source = "registry+https://github.com/rust-lang/crates.io-index"
checksum = "c4f5b37a154999a8f3f98cc23a628d850e154479cd94decf3414696e12e31aaf"

[[package]]
name = "vswhom"
version = "0.1.0"
source = "registry+https://github.com/rust-lang/crates.io-index"
checksum = "be979b7f07507105799e854203b470ff7c78a1639e330a58f183b5fea574608b"
dependencies = [
 "libc",
 "vswhom-sys",
]

[[package]]
name = "vswhom-sys"
version = "0.1.2"
source = "registry+https://github.com/rust-lang/crates.io-index"
checksum = "d3b17ae1f6c8a2b28506cd96d412eebf83b4a0ff2cbefeeb952f2f9dfa44ba18"
dependencies = [
 "cc",
 "libc",
]

[[package]]
name = "wasi"
version = "0.10.0+wasi-snapshot-preview1"
source = "registry+https://github.com/rust-lang/crates.io-index"
checksum = "1a143597ca7c7793eff794def352d41792a93c481eb1042423ff7ff72ba2c31f"

[[package]]
name = "wasm-bindgen"
version = "0.2.82"
source = "registry+https://github.com/rust-lang/crates.io-index"
checksum = "fc7652e3f6c4706c8d9cd54832c4a4ccb9b5336e2c3bd154d5cccfbf1c1f5f7d"
dependencies = [
 "cfg-if",
 "wasm-bindgen-macro",
]

[[package]]
name = "wasm-bindgen-backend"
version = "0.2.82"
source = "registry+https://github.com/rust-lang/crates.io-index"
checksum = "662cd44805586bd52971b9586b1df85cdbbd9112e4ef4d8f41559c334dc6ac3f"
dependencies = [
 "bumpalo",
 "log",
 "once_cell",
 "proc-macro2",
 "quote",
 "syn",
 "wasm-bindgen-shared",
]

[[package]]
name = "wasm-bindgen-macro"
version = "0.2.82"
source = "registry+https://github.com/rust-lang/crates.io-index"
checksum = "b260f13d3012071dfb1512849c033b1925038373aea48ced3012c09df952c602"
dependencies = [
 "quote",
 "wasm-bindgen-macro-support",
]

[[package]]
name = "wasm-bindgen-macro-support"
version = "0.2.82"
source = "registry+https://github.com/rust-lang/crates.io-index"
checksum = "5be8e654bdd9b79216c2929ab90721aa82faf65c48cdf08bdc4e7f51357b80da"
dependencies = [
 "proc-macro2",
 "quote",
 "syn",
 "wasm-bindgen-backend",
 "wasm-bindgen-shared",
]

[[package]]
name = "wasm-bindgen-shared"
version = "0.2.82"
source = "registry+https://github.com/rust-lang/crates.io-index"
checksum = "6598dd0bd3c7d51095ff6531a5b23e02acdc81804e30d8f07afb77b7215a140a"

[[package]]
name = "winapi"
version = "0.3.9"
source = "registry+https://github.com/rust-lang/crates.io-index"
checksum = "5c839a674fcd7a98952e593242ea400abe93992746761e38641405d28b00f419"
dependencies = [
 "winapi-i686-pc-windows-gnu",
 "winapi-x86_64-pc-windows-gnu",
]

[[package]]
name = "winapi-i686-pc-windows-gnu"
version = "0.4.0"
source = "registry+https://github.com/rust-lang/crates.io-index"
checksum = "ac3b87c63620426dd9b991e5ce0329eff545bccbbb34f3be09ff6fb6ab51b7b6"

[[package]]
name = "winapi-util"
version = "0.1.5"
source = "registry+https://github.com/rust-lang/crates.io-index"
checksum = "70ec6ce85bb158151cae5e5c87f95a8e97d2c0c4b001223f33a334e3ce5de178"
dependencies = [
 "winapi",
]

[[package]]
name = "winapi-x86_64-pc-windows-gnu"
version = "0.4.0"
source = "registry+https://github.com/rust-lang/crates.io-index"
checksum = "712e227841d057c1ee1cd2fb22fa7e5a5461ae8e48fa2ca79ec42cfc1931183f"

[[package]]
name = "windows"
version = "0.39.0"
source = "registry+https://github.com/rust-lang/crates.io-index"
checksum = "f1c4bd0a50ac6020f65184721f758dba47bb9fbc2133df715ec74a237b26794a"
dependencies = [
 "windows_aarch64_msvc 0.39.0",
 "windows_i686_gnu 0.39.0",
 "windows_i686_msvc 0.39.0",
 "windows_x86_64_gnu 0.39.0",
 "windows_x86_64_msvc 0.39.0",
]

[[package]]
name = "windows-sys"
version = "0.35.0"
source = "registry+https://github.com/rust-lang/crates.io-index"
checksum = "c700bb45cfcbdb738ce92c41fc13e512514d4eaf6a99e8c87e2260a227175c16"
dependencies = [
 "windows_aarch64_msvc 0.35.0",
 "windows_i686_gnu 0.35.0",
 "windows_i686_msvc 0.35.0",
 "windows_x86_64_gnu 0.35.0",
 "windows_x86_64_msvc 0.35.0",
]

[[package]]
name = "windows-targets"
version = "0.48.0"
source = "registry+https://github.com/rust-lang/crates.io-index"
checksum = "7b1eb6f0cd7c80c79759c929114ef071b87354ce476d9d94271031c0497adfd5"
dependencies = [
 "windows_aarch64_gnullvm",
 "windows_aarch64_msvc 0.48.0",
 "windows_i686_gnu 0.48.0",
 "windows_i686_msvc 0.48.0",
 "windows_x86_64_gnu 0.48.0",
 "windows_x86_64_gnullvm",
 "windows_x86_64_msvc 0.48.0",
]

[[package]]
name = "windows_aarch64_gnullvm"
version = "0.48.0"
source = "registry+https://github.com/rust-lang/crates.io-index"
checksum = "91ae572e1b79dba883e0d315474df7305d12f569b400fcf90581b06062f7e1bc"

[[package]]
name = "windows_aarch64_msvc"
version = "0.35.0"
source = "registry+https://github.com/rust-lang/crates.io-index"
checksum = "db3bc5134e8ce0da5d64dcec3529793f1d33aee5a51fc2b4662e0f881dd463e6"

[[package]]
name = "windows_aarch64_msvc"
version = "0.39.0"
source = "registry+https://github.com/rust-lang/crates.io-index"
checksum = "ec7711666096bd4096ffa835238905bb33fb87267910e154b18b44eaabb340f2"

[[package]]
name = "windows_aarch64_msvc"
version = "0.48.0"
source = "registry+https://github.com/rust-lang/crates.io-index"
checksum = "b2ef27e0d7bdfcfc7b868b317c1d32c641a6fe4629c171b8928c7b08d98d7cf3"

[[package]]
name = "windows_i686_gnu"
version = "0.35.0"
source = "registry+https://github.com/rust-lang/crates.io-index"
checksum = "0343a6f35bf43a07b009b8591b78b10ea03de86b06f48e28c96206cd0f453b50"

[[package]]
name = "windows_i686_gnu"
version = "0.39.0"
source = "registry+https://github.com/rust-lang/crates.io-index"
checksum = "763fc57100a5f7042e3057e7e8d9bdd7860d330070251a73d003563a3bb49e1b"

[[package]]
name = "windows_i686_gnu"
version = "0.48.0"
source = "registry+https://github.com/rust-lang/crates.io-index"
checksum = "622a1962a7db830d6fd0a69683c80a18fda201879f0f447f065a3b7467daa241"

[[package]]
name = "windows_i686_msvc"
version = "0.35.0"
source = "registry+https://github.com/rust-lang/crates.io-index"
checksum = "1acdcbf4ca63d8e7a501be86fee744347186275ec2754d129ddeab7a1e3a02e4"

[[package]]
name = "windows_i686_msvc"
version = "0.39.0"
source = "registry+https://github.com/rust-lang/crates.io-index"
checksum = "7bc7cbfe58828921e10a9f446fcaaf649204dcfe6c1ddd712c5eebae6bda1106"

[[package]]
name = "windows_i686_msvc"
version = "0.48.0"
source = "registry+https://github.com/rust-lang/crates.io-index"
checksum = "4542c6e364ce21bf45d69fdd2a8e455fa38d316158cfd43b3ac1c5b1b19f8e00"

[[package]]
name = "windows_x86_64_gnu"
version = "0.35.0"
source = "registry+https://github.com/rust-lang/crates.io-index"
checksum = "893c0924c5a990ec73cd2264d1c0cba1773a929e1a3f5dbccffd769f8c4edebb"

[[package]]
name = "windows_x86_64_gnu"
version = "0.39.0"
source = "registry+https://github.com/rust-lang/crates.io-index"
checksum = "6868c165637d653ae1e8dc4d82c25d4f97dd6605eaa8d784b5c6e0ab2a252b65"

[[package]]
name = "windows_x86_64_gnu"
version = "0.48.0"
source = "registry+https://github.com/rust-lang/crates.io-index"
checksum = "ca2b8a661f7628cbd23440e50b05d705db3686f894fc9580820623656af974b1"

[[package]]
name = "windows_x86_64_gnullvm"
version = "0.48.0"
source = "registry+https://github.com/rust-lang/crates.io-index"
checksum = "7896dbc1f41e08872e9d5e8f8baa8fdd2677f29468c4e156210174edc7f7b953"

[[package]]
name = "windows_x86_64_msvc"
version = "0.35.0"
source = "registry+https://github.com/rust-lang/crates.io-index"
checksum = "a29bd61f32889c822c99a8fdf2e93378bd2fae4d7efd2693fab09fcaaf7eff4b"

[[package]]
name = "windows_x86_64_msvc"
version = "0.39.0"
source = "registry+https://github.com/rust-lang/crates.io-index"
checksum = "5e4d40883ae9cae962787ca76ba76390ffa29214667a111db9e0a1ad8377e809"

[[package]]
name = "windows_x86_64_msvc"
version = "0.48.0"
source = "registry+https://github.com/rust-lang/crates.io-index"
checksum = "1a515f5799fe4961cb532f983ce2b23082366b898e52ffbce459c86f67c8378a"

[[package]]
name = "winreg"
version = "0.10.1"
source = "registry+https://github.com/rust-lang/crates.io-index"
checksum = "80d0f4e272c85def139476380b12f9ac60926689dd2e01d4923222f40580869d"
dependencies = [
 "winapi",
]

[[package]]
name = "xml-rs"
version = "0.8.4"
source = "registry+https://github.com/rust-lang/crates.io-index"
checksum = "d2d7d3948613f75c98fd9328cfdcc45acc4d360655289d0a7d4ec931392200a3"
